{
  "name": "guideai",
  "version": "0.1.0",
  "lockfileVersion": 3,
  "requires": true,
  "packages": {
    "": {
      "name": "guideai",
      "version": "0.1.0",
      "hasInstallScript": true,
      "license": "Apache-2.0",
      "os": [
        "darwin",
        "linux",
        "win32"
      ],
      "bin": {
        "guideai": "bin/guideai.js"
      },
      "engines": {
        "node": ">=18.0.0"
      }
    }
  }
}
